// !$*UTF8*$!
{
	archiveVersion = 1;
	classes = {
	};
	objectVersion = 46;
	objects = {

/* Begin PBXBuildFile section */
		7F622BDD15C5AFED00115026 /* main.m in Sources */ = {isa = PBXBuildFile; fileRef = 7FA8CCFB15891D46009C3B19 /* main.m */; };
		7F622BDE15C5AFED00115026 /* QCTestOpenGLView.m in Sources */ = {isa = PBXBuildFile; fileRef = 7FA8CCFD15891D46009C3B19 /* QCTestOpenGLView.m */; };
		7F622BE115C5AFED00115026 /* OpenGL.framework in Frameworks */ = {isa = PBXBuildFile; fileRef = 7FA8CD0515891DCC009C3B19 /* OpenGL.framework */; };
		7F622BE215C5AFED00115026 /* QuartzCore.framework in Frameworks */ = {isa = PBXBuildFile; fileRef = 7FA8CD0315891DC3009C3B19 /* QuartzCore.framework */; };
		7F622BE315C5AFED00115026 /* Cocoa.framework in Frameworks */ = {isa = PBXBuildFile; fileRef = 7FA8CCDF15891CE7009C3B19 /* Cocoa.framework */; };
		7F622BE515C5AFED00115026 /* MainMenu.xib in Resources */ = {isa = PBXBuildFile; fileRef = 7FA8CD0715891E93009C3B19 /* MainMenu.xib */; };
		7F622BF015C5B07300115026 /* offscreen_render.m in Sources */ = {isa = PBXBuildFile; fileRef = 7F622BEF15C5B07300115026 /* offscreen_render.m */; };
		7F6586D7159517AF006467A7 /* main.m in Sources */ = {isa = PBXBuildFile; fileRef = 7FA8CCFB15891D46009C3B19 /* main.m */; };
		7F6586D8159517AF006467A7 /* QCTestOpenGLView.m in Sources */ = {isa = PBXBuildFile; fileRef = 7FA8CCFD15891D46009C3B19 /* QCTestOpenGLView.m */; };
		7F6586DB159517AF006467A7 /* OpenGL.framework in Frameworks */ = {isa = PBXBuildFile; fileRef = 7FA8CD0515891DCC009C3B19 /* OpenGL.framework */; };
		7F6586DC159517AF006467A7 /* QuartzCore.framework in Frameworks */ = {isa = PBXBuildFile; fileRef = 7FA8CD0315891DC3009C3B19 /* QuartzCore.framework */; };
		7F6586DD159517AF006467A7 /* Cocoa.framework in Frameworks */ = {isa = PBXBuildFile; fileRef = 7FA8CCDF15891CE7009C3B19 /* Cocoa.framework */; };
		7F6586DF159517AF006467A7 /* MainMenu.xib in Resources */ = {isa = PBXBuildFile; fileRef = 7FA8CD0715891E93009C3B19 /* MainMenu.xib */; };
		7F6586E915951879006467A7 /* hello_animation.m in Sources */ = {isa = PBXBuildFile; fileRef = 7F6586E815951879006467A7 /* hello_animation.m */; };
		7F6586EA15951881006467A7 /* hello_carenderer.m in Sources */ = {isa = PBXBuildFile; fileRef = 7FA8CD0015891D4E009C3B19 /* hello_carenderer.m */; };
		7FA8CCE015891CE7009C3B19 /* Cocoa.framework in Frameworks */ = {isa = PBXBuildFile; fileRef = 7FA8CCDF15891CE7009C3B19 /* Cocoa.framework */; };
		7FA8CCFE15891D46009C3B19 /* main.m in Sources */ = {isa = PBXBuildFile; fileRef = 7FA8CCFB15891D46009C3B19 /* main.m */; };
		7FA8CCFF15891D46009C3B19 /* QCTestOpenGLView.m in Sources */ = {isa = PBXBuildFile; fileRef = 7FA8CCFD15891D46009C3B19 /* QCTestOpenGLView.m */; };
		7FA8CD0415891DC3009C3B19 /* QuartzCore.framework in Frameworks */ = {isa = PBXBuildFile; fileRef = 7FA8CD0315891DC3009C3B19 /* QuartzCore.framework */; };
		7FA8CD0615891DCC009C3B19 /* OpenGL.framework in Frameworks */ = {isa = PBXBuildFile; fileRef = 7FA8CD0515891DCC009C3B19 /* OpenGL.framework */; };
		7FA8CD0815891E93009C3B19 /* MainMenu.xib in Resources */ = {isa = PBXBuildFile; fileRef = 7FA8CD0715891E93009C3B19 /* MainMenu.xib */; };
		7FA8CD0C15892303009C3B19 /* main.m in Sources */ = {isa = PBXBuildFile; fileRef = 7FA8CCFB15891D46009C3B19 /* main.m */; };
		7FA8CD0D15892303009C3B19 /* QCTestOpenGLView.m in Sources */ = {isa = PBXBuildFile; fileRef = 7FA8CCFD15891D46009C3B19 /* QCTestOpenGLView.m */; };
		7FA8CD1015892303009C3B19 /* OpenGL.framework in Frameworks */ = {isa = PBXBuildFile; fileRef = 7FA8CD0515891DCC009C3B19 /* OpenGL.framework */; };
		7FA8CD1115892303009C3B19 /* QuartzCore.framework in Frameworks */ = {isa = PBXBuildFile; fileRef = 7FA8CD0315891DC3009C3B19 /* QuartzCore.framework */; };
		7FA8CD1215892303009C3B19 /* Cocoa.framework in Frameworks */ = {isa = PBXBuildFile; fileRef = 7FA8CCDF15891CE7009C3B19 /* Cocoa.framework */; };
		7FA8CD1415892303009C3B19 /* MainMenu.xib in Resources */ = {isa = PBXBuildFile; fileRef = 7FA8CD0715891E93009C3B19 /* MainMenu.xib */; };
		7FA8CD1D1589233D009C3B19 /* hello.m in Sources */ = {isa = PBXBuildFile; fileRef = 7FA8CD1C1589233D009C3B19 /* hello.m */; };
		7FF2962B15E1166B007E34C8 /* PoweredByGNUstep.tiff in Resources */ = {isa = PBXBuildFile; fileRef = 7FF2962A15E1166B007E34C8 /* PoweredByGNUstep.tiff */; };
/* End PBXBuildFile section */

/* Begin PBXFileReference section */
		7F622BEA15C5AFED00115026 /* offscreen_render.app */ = {isa = PBXFileReference; explicitFileType = wrapper.application; includeInIndex = 0; path = offscreen_render.app; sourceTree = BUILT_PRODUCTS_DIR; };
		7F622BEC15C5AFED00115026 /* offscreen_render-Info.plist */ = {isa = PBXFileReference; lastKnownFileType = text.plist.xml; name = "offscreen_render-Info.plist"; path = "/Users/ivucica/projects/RANDOM/gnustep-quartzcore/Tests/offscreen_render-Info.plist"; sourceTree = "<absolute>"; };
		7F622BEF15C5B07300115026 /* offscreen_render.m */ = {isa = PBXFileReference; fileEncoding = 4; lastKnownFileType = sourcecode.c.objc; path = offscreen_render.m; sourceTree = "<group>"; };
		7F6586E4159517AF006467A7 /* hello_animation.app */ = {isa = PBXFileReference; explicitFileType = wrapper.application; includeInIndex = 0; path = hello_animation.app; sourceTree = BUILT_PRODUCTS_DIR; };
		7F6586E6159517AF006467A7 /* hello_animation-Info.plist */ = {isa = PBXFileReference; lastKnownFileType = text.plist.xml; name = "hello_animation-Info.plist"; path = "/Users/ivucica/projects/RANDOM/gnustep-quartzcore/Tests/hello_animation-Info.plist"; sourceTree = "<absolute>"; };
		7F6586E815951879006467A7 /* hello_animation.m */ = {isa = PBXFileReference; fileEncoding = 4; lastKnownFileType = sourcecode.c.objc; path = hello_animation.m; sourceTree = "<group>"; };
		7F7422B71594C7BA00AEB117 /* GSQuartzCore.framework */ = {isa = PBXFileReference; lastKnownFileType = wrapper.framework; name = GSQuartzCore.framework; path = /Library/Frameworks/GSQuartzCore.framework; sourceTree = "<absolute>"; };
		7FA8CCDB15891CE7009C3B19 /* hello_carenderer.app */ = {isa = PBXFileReference; explicitFileType = wrapper.application; includeInIndex = 0; path = hello_carenderer.app; sourceTree = BUILT_PRODUCTS_DIR; };
		7FA8CCDF15891CE7009C3B19 /* Cocoa.framework */ = {isa = PBXFileReference; lastKnownFileType = wrapper.framework; name = Cocoa.framework; path = System/Library/Frameworks/Cocoa.framework; sourceTree = SDKROOT; };
		7FA8CCE215891CE7009C3B19 /* AppKit.framework */ = {isa = PBXFileReference; lastKnownFileType = wrapper.framework; name = AppKit.framework; path = System/Library/Frameworks/AppKit.framework; sourceTree = SDKROOT; };
		7FA8CCE315891CE7009C3B19 /* CoreData.framework */ = {isa = PBXFileReference; lastKnownFileType = wrapper.framework; name = CoreData.framework; path = System/Library/Frameworks/CoreData.framework; sourceTree = SDKROOT; };
		7FA8CCE415891CE7009C3B19 /* Foundation.framework */ = {isa = PBXFileReference; lastKnownFileType = wrapper.framework; name = Foundation.framework; path = System/Library/Frameworks/Foundation.framework; sourceTree = SDKROOT; };
		7FA8CCFB15891D46009C3B19 /* main.m */ = {isa = PBXFileReference; fileEncoding = 4; lastKnownFileType = sourcecode.c.objc; path = main.m; sourceTree = "<group>"; };
		7FA8CCFC15891D46009C3B19 /* QCTestOpenGLView.h */ = {isa = PBXFileReference; fileEncoding = 4; lastKnownFileType = sourcecode.c.h; path = QCTestOpenGLView.h; sourceTree = "<group>"; };
		7FA8CCFD15891D46009C3B19 /* QCTestOpenGLView.m */ = {isa = PBXFileReference; fileEncoding = 4; lastKnownFileType = sourcecode.c.objc; path = QCTestOpenGLView.m; sourceTree = "<group>"; };
		7FA8CD0015891D4E009C3B19 /* hello_carenderer.m */ = {isa = PBXFileReference; fileEncoding = 4; lastKnownFileType = sourcecode.c.objc; path = hello_carenderer.m; sourceTree = SOURCE_ROOT; };
		7FA8CD0315891DC3009C3B19 /* QuartzCore.framework */ = {isa = PBXFileReference; lastKnownFileType = wrapper.framework; name = QuartzCore.framework; path = Platforms/MacOSX.platform/Developer/SDKs/MacOSX10.7.sdk/System/Library/Frameworks/QuartzCore.framework; sourceTree = DEVELOPER_DIR; };
		7FA8CD0515891DCC009C3B19 /* OpenGL.framework */ = {isa = PBXFileReference; lastKnownFileType = wrapper.framework; name = OpenGL.framework; path = Platforms/MacOSX.platform/Developer/SDKs/MacOSX10.7.sdk/System/Library/Frameworks/OpenGL.framework; sourceTree = DEVELOPER_DIR; };
		7FA8CD0715891E93009C3B19 /* MainMenu.xib */ = {isa = PBXFileReference; fileEncoding = 4; lastKnownFileType = file.xib; name = MainMenu.xib; path = data/MainMenu.xib; sourceTree = "<group>"; };
		7FA8CD0915891F0E009C3B19 /* hello_carenderer-Info.plist */ = {isa = PBXFileReference; lastKnownFileType = text.plist.xml; name = "hello_carenderer-Info.plist"; path = "data/hello_carenderer-Info.plist"; sourceTree = SOURCE_ROOT; };
		7FA8CD1815892303009C3B19 /* hello.app */ = {isa = PBXFileReference; explicitFileType = wrapper.application; includeInIndex = 0; path = hello.app; sourceTree = BUILT_PRODUCTS_DIR; };
		7FA8CD1A15892303009C3B19 /* hello-Info.plist */ = {isa = PBXFileReference; lastKnownFileType = text.plist.xml; name = "hello-Info.plist"; path = "/Users/ivucica/projects/THIRDPARTY/gnustep-git/gnustep-quartzcore/Tests/hello-Info.plist"; sourceTree = "<absolute>"; };
		7FA8CD1C1589233D009C3B19 /* hello.m */ = {isa = PBXFileReference; fileEncoding = 4; lastKnownFileType = sourcecode.c.objc; path = hello.m; sourceTree = "<group>"; };
		7FF2962A15E1166B007E34C8 /* PoweredByGNUstep.tiff */ = {isa = PBXFileReference; lastKnownFileType = image.tiff; path = PoweredByGNUstep.tiff; sourceTree = "<group>"; };
/* End PBXFileReference section */

/* Begin PBXFrameworksBuildPhase section */
		7F622BE015C5AFED00115026 /* Frameworks */ = {
			isa = PBXFrameworksBuildPhase;
			buildActionMask = 2147483647;
			files = (
				7F622BE115C5AFED00115026 /* OpenGL.framework in Frameworks */,
				7F622BE215C5AFED00115026 /* QuartzCore.framework in Frameworks */,
				7F622BE315C5AFED00115026 /* Cocoa.framework in Frameworks */,
			);
			runOnlyForDeploymentPostprocessing = 0;
		};
		7F6586DA159517AF006467A7 /* Frameworks */ = {
			isa = PBXFrameworksBuildPhase;
			buildActionMask = 2147483647;
			files = (
				7F6586DB159517AF006467A7 /* OpenGL.framework in Frameworks */,
				7F6586DC159517AF006467A7 /* QuartzCore.framework in Frameworks */,
				7F6586DD159517AF006467A7 /* Cocoa.framework in Frameworks */,
			);
			runOnlyForDeploymentPostprocessing = 0;
		};
		7FA8CCD815891CE7009C3B19 /* Frameworks */ = {
			isa = PBXFrameworksBuildPhase;
			buildActionMask = 2147483647;
			files = (
				7FA8CD0615891DCC009C3B19 /* OpenGL.framework in Frameworks */,
				7FA8CD0415891DC3009C3B19 /* QuartzCore.framework in Frameworks */,
				7FA8CCE015891CE7009C3B19 /* Cocoa.framework in Frameworks */,
			);
			runOnlyForDeploymentPostprocessing = 0;
		};
		7FA8CD0F15892303009C3B19 /* Frameworks */ = {
			isa = PBXFrameworksBuildPhase;
			buildActionMask = 2147483647;
			files = (
				7FA8CD1015892303009C3B19 /* OpenGL.framework in Frameworks */,
				7FA8CD1115892303009C3B19 /* QuartzCore.framework in Frameworks */,
				7FA8CD1215892303009C3B19 /* Cocoa.framework in Frameworks */,
			);
			runOnlyForDeploymentPostprocessing = 0;
		};
/* End PBXFrameworksBuildPhase section */

/* Begin PBXGroup section */
		7F622BEE15C5B05B00115026 /* offscreen_render */ = {
			isa = PBXGroup;
			children = (
				7FF2962A15E1166B007E34C8 /* PoweredByGNUstep.tiff */,
				7F622BEC15C5AFED00115026 /* offscreen_render-Info.plist */,
				7F622BEF15C5B07300115026 /* offscreen_render.m */,
			);
			name = offscreen_render;
			sourceTree = "<group>";
		};
		7F6586EB15951888006467A7 /* hello_animation */ = {
			isa = PBXGroup;
			children = (
				7F6586E6159517AF006467A7 /* hello_animation-Info.plist */,
				7F6586E815951879006467A7 /* hello_animation.m */,
			);
			name = hello_animation;
			sourceTree = "<group>";
		};
		7FA8CCCB15891CAE009C3B19 = {
			isa = PBXGroup;
			children = (
				7F7422B71594C7BA00AEB117 /* GSQuartzCore.framework */,
				7FA8CD0515891DCC009C3B19 /* OpenGL.framework */,
				7FA8CD0315891DC3009C3B19 /* QuartzCore.framework */,
				7FA8CD0215891D52009C3B19 /* Shared */,
				7FA8CD1B1589232E009C3B19 /* hello */,
				7FA8CCE515891CE7009C3B19 /* hello_carenderer */,
				7F6586EB15951888006467A7 /* hello_animation */,
				7F622BEE15C5B05B00115026 /* offscreen_render */,
				7FA8CCDE15891CE7009C3B19 /* Frameworks */,
				7FA8CCDC15891CE7009C3B19 /* Products */,
			);
			sourceTree = "<group>";
		};
		7FA8CCDC15891CE7009C3B19 /* Products */ = {
			isa = PBXGroup;
			children = (
				7FA8CCDB15891CE7009C3B19 /* hello_carenderer.app */,
				7FA8CD1815892303009C3B19 /* hello.app */,
				7F6586E4159517AF006467A7 /* hello_animation.app */,
				7F622BEA15C5AFED00115026 /* offscreen_render.app */,
			);
			name = Products;
			sourceTree = "<group>";
		};
		7FA8CCDE15891CE7009C3B19 /* Frameworks */ = {
			isa = PBXGroup;
			children = (
				7FA8CCDF15891CE7009C3B19 /* Cocoa.framework */,
				7FA8CCE115891CE7009C3B19 /* Other Frameworks */,
			);
			name = Frameworks;
			sourceTree = "<group>";
		};
		7FA8CCE115891CE7009C3B19 /* Other Frameworks */ = {
			isa = PBXGroup;
			children = (
				7FA8CCE215891CE7009C3B19 /* AppKit.framework */,
				7FA8CCE315891CE7009C3B19 /* CoreData.framework */,
				7FA8CCE415891CE7009C3B19 /* Foundation.framework */,
			);
			name = "Other Frameworks";
			sourceTree = "<group>";
		};
		7FA8CCE515891CE7009C3B19 /* hello_carenderer */ = {
			isa = PBXGroup;
			children = (
				7FA8CD0915891F0E009C3B19 /* hello_carenderer-Info.plist */,
				7FA8CD0015891D4E009C3B19 /* hello_carenderer.m */,
			);
			path = hello_carenderer;
			sourceTree = "<group>";
		};
		7FA8CD0215891D52009C3B19 /* Shared */ = {
			isa = PBXGroup;
			children = (
				7FA8CCFB15891D46009C3B19 /* main.m */,
				7FA8CCFC15891D46009C3B19 /* QCTestOpenGLView.h */,
				7FA8CCFD15891D46009C3B19 /* QCTestOpenGLView.m */,
				7FA8CD0715891E93009C3B19 /* MainMenu.xib */,
			);
			name = Shared;
			sourceTree = "<group>";
		};
		7FA8CD1B1589232E009C3B19 /* hello */ = {
			isa = PBXGroup;
			children = (
				7FA8CD1A15892303009C3B19 /* hello-Info.plist */,
				7FA8CD1C1589233D009C3B19 /* hello.m */,
			);
			name = hello;
			sourceTree = "<group>";
		};
/* End PBXGroup section */

/* Begin PBXNativeTarget section */
		7F622BDB15C5AFED00115026 /* offscreen_render */ = {
			isa = PBXNativeTarget;
			buildConfigurationList = 7F622BE615C5AFED00115026 /* Build configuration list for PBXNativeTarget "offscreen_render" */;
			buildPhases = (
				7F622BDC15C5AFED00115026 /* Sources */,
				7F622BE015C5AFED00115026 /* Frameworks */,
				7F622BE415C5AFED00115026 /* Resources */,
			);
			buildRules = (
			);
			dependencies = (
			);
			name = offscreen_render;
			productName = hello_carenderer;
			productReference = 7F622BEA15C5AFED00115026 /* offscreen_render.app */;
			productType = "com.apple.product-type.application";
		};
		7F6586D5159517AF006467A7 /* hello_animation */ = {
			isa = PBXNativeTarget;
			buildConfigurationList = 7F6586E0159517AF006467A7 /* Build configuration list for PBXNativeTarget "hello_animation" */;
			buildPhases = (
				7F6586D6159517AF006467A7 /* Sources */,
				7F6586DA159517AF006467A7 /* Frameworks */,
				7F6586DE159517AF006467A7 /* Resources */,
			);
			buildRules = (
			);
			dependencies = (
			);
			name = hello_animation;
			productName = hello_carenderer;
			productReference = 7F6586E4159517AF006467A7 /* hello_animation.app */;
			productType = "com.apple.product-type.application";
		};
		7FA8CCDA15891CE7009C3B19 /* hello_carenderer */ = {
			isa = PBXNativeTarget;
			buildConfigurationList = 7FA8CCF915891CE8009C3B19 /* Build configuration list for PBXNativeTarget "hello_carenderer" */;
			buildPhases = (
				7FA8CCD715891CE7009C3B19 /* Sources */,
				7FA8CCD815891CE7009C3B19 /* Frameworks */,
				7FA8CCD915891CE7009C3B19 /* Resources */,
			);
			buildRules = (
			);
			dependencies = (
			);
			name = hello_carenderer;
			productName = hello_carenderer;
			productReference = 7FA8CCDB15891CE7009C3B19 /* hello_carenderer.app */;
			productType = "com.apple.product-type.application";
		};
		7FA8CD0A15892302009C3B19 /* hello */ = {
			isa = PBXNativeTarget;
			buildConfigurationList = 7FA8CD1515892303009C3B19 /* Build configuration list for PBXNativeTarget "hello" */;
			buildPhases = (
				7FA8CD0B15892302009C3B19 /* Sources */,
				7FA8CD0F15892303009C3B19 /* Frameworks */,
				7FA8CD1315892303009C3B19 /* Resources */,
			);
			buildRules = (
			);
			dependencies = (
			);
			name = hello;
			productName = hello_carenderer;
			productReference = 7FA8CD1815892303009C3B19 /* hello.app */;
			productType = "com.apple.product-type.application";
		};
/* End PBXNativeTarget section */

/* Begin PBXProject section */
		7FA8CCCD15891CAE009C3B19 /* Project object */ = {
			isa = PBXProject;
			attributes = {
				LastUpgradeCheck = 0430;
				ORGANIZATIONNAME = Hindarium;
			};
			buildConfigurationList = 7FA8CCD015891CAE009C3B19 /* Build configuration list for PBXProject "GNUstepQuartzCoreTests" */;
			compatibilityVersion = "Xcode 3.2";
			developmentRegion = English;
			hasScannedForEncodings = 0;
			knownRegions = (
				en,
			);
			mainGroup = 7FA8CCCB15891CAE009C3B19;
			productRefGroup = 7FA8CCDC15891CE7009C3B19 /* Products */;
			projectDirPath = "";
			projectRoot = "";
			targets = (
				7FA8CD0A15892302009C3B19 /* hello */,
				7FA8CCDA15891CE7009C3B19 /* hello_carenderer */,
				7F6586D5159517AF006467A7 /* hello_animation */,
				7F622BDB15C5AFED00115026 /* offscreen_render */,
			);
		};
/* End PBXProject section */

/* Begin PBXResourcesBuildPhase section */
		7F622BE415C5AFED00115026 /* Resources */ = {
			isa = PBXResourcesBuildPhase;
			buildActionMask = 2147483647;
			files = (
				7F622BE515C5AFED00115026 /* MainMenu.xib in Resources */,
				7FF2962B15E1166B007E34C8 /* PoweredByGNUstep.tiff in Resources */,
			);
			runOnlyForDeploymentPostprocessing = 0;
		};
		7F6586DE159517AF006467A7 /* Resources */ = {
			isa = PBXResourcesBuildPhase;
			buildActionMask = 2147483647;
			files = (
				7F6586DF159517AF006467A7 /* MainMenu.xib in Resources */,
			);
			runOnlyForDeploymentPostprocessing = 0;
		};
		7FA8CCD915891CE7009C3B19 /* Resources */ = {
			isa = PBXResourcesBuildPhase;
			buildActionMask = 2147483647;
			files = (
				7FA8CD0815891E93009C3B19 /* MainMenu.xib in Resources */,
			);
			runOnlyForDeploymentPostprocessing = 0;
		};
		7FA8CD1315892303009C3B19 /* Resources */ = {
			isa = PBXResourcesBuildPhase;
			buildActionMask = 2147483647;
			files = (
				7FA8CD1415892303009C3B19 /* MainMenu.xib in Resources */,
			);
			runOnlyForDeploymentPostprocessing = 0;
		};
/* End PBXResourcesBuildPhase section */

/* Begin PBXSourcesBuildPhase section */
		7F622BDC15C5AFED00115026 /* Sources */ = {
			isa = PBXSourcesBuildPhase;
			buildActionMask = 2147483647;
			files = (
				7F622BDD15C5AFED00115026 /* main.m in Sources */,
				7F622BDE15C5AFED00115026 /* QCTestOpenGLView.m in Sources */,
				7F622BF015C5B07300115026 /* offscreen_render.m in Sources */,
			);
			runOnlyForDeploymentPostprocessing = 0;
		};
		7F6586D6159517AF006467A7 /* Sources */ = {
			isa = PBXSourcesBuildPhase;
			buildActionMask = 2147483647;
			files = (
				7F6586D7159517AF006467A7 /* main.m in Sources */,
				7F6586D8159517AF006467A7 /* QCTestOpenGLView.m in Sources */,
				7F6586E915951879006467A7 /* hello_animation.m in Sources */,
			);
			runOnlyForDeploymentPostprocessing = 0;
		};
		7FA8CCD715891CE7009C3B19 /* Sources */ = {
			isa = PBXSourcesBuildPhase;
			buildActionMask = 2147483647;
			files = (
				7FA8CCFE15891D46009C3B19 /* main.m in Sources */,
				7FA8CCFF15891D46009C3B19 /* QCTestOpenGLView.m in Sources */,
				7F6586EA15951881006467A7 /* hello_carenderer.m in Sources */,
			);
			runOnlyForDeploymentPostprocessing = 0;
		};
		7FA8CD0B15892302009C3B19 /* Sources */ = {
			isa = PBXSourcesBuildPhase;
			buildActionMask = 2147483647;
			files = (
				7FA8CD0C15892303009C3B19 /* main.m in Sources */,
				7FA8CD0D15892303009C3B19 /* QCTestOpenGLView.m in Sources */,
				7FA8CD1D1589233D009C3B19 /* hello.m in Sources */,
			);
			runOnlyForDeploymentPostprocessing = 0;
		};
/* End PBXSourcesBuildPhase section */

/* Begin XCBuildConfiguration section */
		7F622BE715C5AFED00115026 /* Debug */ = {
			isa = XCBuildConfiguration;
			buildSettings = {
				ALWAYS_SEARCH_USER_PATHS = NO;
				ARCHS = "$(ARCHS_STANDARD_32_64_BIT)";
				COPY_PHASE_STRIP = NO;
				GCC_C_LANGUAGE_STANDARD = gnu99;
				GCC_DYNAMIC_NO_PIC = NO;
				GCC_ENABLE_OBJC_EXCEPTIONS = YES;
				GCC_PRECOMPILE_PREFIX_HEADER = YES;
				GCC_PREPROCESSOR_DEFINITIONS = (
					"DEBUG=1",
					"$(inherited)",
				);
				GCC_SYMBOLS_PRIVATE_EXTERN = NO;
				GCC_VERSION = com.apple.compilers.llvm.clang.1_0;
				GCC_WARN_64_TO_32_BIT_CONVERSION = YES;
				GCC_WARN_ABOUT_RETURN_TYPE = YES;
				GCC_WARN_UNINITIALIZED_AUTOS = YES;
				GCC_WARN_UNUSED_VARIABLE = YES;
				INFOPLIST_FILE = "offscreen_render-Info.plist";
				MACOSX_DEPLOYMENT_TARGET = 10.7;
				ONLY_ACTIVE_ARCH = YES;
				PRODUCT_NAME = offscreen_render;
				SDKROOT = macosx;
				WRAPPER_EXTENSION = app;
			};
			name = Debug;
		};
		7F622BE815C5AFED00115026 /* UsingGNUstepImpl */ = {
			isa = XCBuildConfiguration;
			buildSettings = {
				ALWAYS_SEARCH_USER_PATHS = NO;
				ARCHS = "$(ARCHS_STANDARD_32_64_BIT)";
				COPY_PHASE_STRIP = NO;
				FRAMEWORK_SEARCH_PATHS = /Library/Frameworks;
				GCC_C_LANGUAGE_STANDARD = gnu99;
				GCC_DYNAMIC_NO_PIC = NO;
				GCC_ENABLE_OBJC_EXCEPTIONS = YES;
				GCC_PRECOMPILE_PREFIX_HEADER = YES;
				GCC_PREPROCESSOR_DEFINITIONS = (
					"DEBUG=1",
					"$(inherited)",
				);
				GCC_SYMBOLS_PRIVATE_EXTERN = NO;
				GCC_VERSION = com.apple.compilers.llvm.clang.1_0;
				GCC_WARN_64_TO_32_BIT_CONVERSION = YES;
				GCC_WARN_ABOUT_RETURN_TYPE = YES;
				GCC_WARN_UNINITIALIZED_AUTOS = YES;
				GCC_WARN_UNUSED_VARIABLE = YES;
				HEADER_SEARCH_PATHS = "$(PROJECT_DIR)/../Headers";
				INFOPLIST_FILE = "offscreen_render-Info.plist";
				MACOSX_DEPLOYMENT_TARGET = 10.7;
				ONLY_ACTIVE_ARCH = YES;
				PRODUCT_NAME = offscreen_render;
				SDKROOT = macosx;
				USER_HEADER_SEARCH_PATHS = "$(PROJECT_DIR)/../Headers";
				WRAPPER_EXTENSION = app;
			};
			name = UsingGNUstepImpl;
		};
		7F622BE915C5AFED00115026 /* Release */ = {
			isa = XCBuildConfiguration;
			buildSettings = {
				ALWAYS_SEARCH_USER_PATHS = NO;
				ARCHS = "$(ARCHS_STANDARD_32_64_BIT)";
				COPY_PHASE_STRIP = YES;
				DEBUG_INFORMATION_FORMAT = "dwarf-with-dsym";
				GCC_C_LANGUAGE_STANDARD = gnu99;
				GCC_ENABLE_OBJC_EXCEPTIONS = YES;
				GCC_PRECOMPILE_PREFIX_HEADER = YES;
				GCC_VERSION = com.apple.compilers.llvm.clang.1_0;
				GCC_WARN_64_TO_32_BIT_CONVERSION = YES;
				GCC_WARN_ABOUT_RETURN_TYPE = YES;
				GCC_WARN_UNINITIALIZED_AUTOS = YES;
				GCC_WARN_UNUSED_VARIABLE = YES;
				INFOPLIST_FILE = "offscreen_render-Info.plist";
				MACOSX_DEPLOYMENT_TARGET = 10.7;
				PRODUCT_NAME = offscreen_render;
				SDKROOT = macosx;
				WRAPPER_EXTENSION = app;
			};
			name = Release;
		};
		7F6586E1159517AF006467A7 /* Debug */ = {
			isa = XCBuildConfiguration;
			buildSettings = {
				ALWAYS_SEARCH_USER_PATHS = NO;
				ARCHS = "$(ARCHS_STANDARD_32_64_BIT)";
				COPY_PHASE_STRIP = NO;
				GCC_C_LANGUAGE_STANDARD = gnu99;
				GCC_DYNAMIC_NO_PIC = NO;
				GCC_ENABLE_OBJC_EXCEPTIONS = YES;
				GCC_PRECOMPILE_PREFIX_HEADER = YES;
				GCC_PREPROCESSOR_DEFINITIONS = (
					"DEBUG=1",
					"$(inherited)",
				);
				GCC_SYMBOLS_PRIVATE_EXTERN = NO;
				GCC_VERSION = com.apple.compilers.llvm.clang.1_0;
				GCC_WARN_64_TO_32_BIT_CONVERSION = YES;
				GCC_WARN_ABOUT_RETURN_TYPE = YES;
				GCC_WARN_UNINITIALIZED_AUTOS = YES;
				GCC_WARN_UNUSED_VARIABLE = YES;
				INFOPLIST_FILE = "hello_animation-Info.plist";
				MACOSX_DEPLOYMENT_TARGET = 10.7;
				ONLY_ACTIVE_ARCH = YES;
				PRODUCT_NAME = hello_animation;
				SDKROOT = macosx;
				WRAPPER_EXTENSION = app;
			};
			name = Debug;
		};
		7F6586E2159517AF006467A7 /* UsingGNUstepImpl */ = {
			isa = XCBuildConfiguration;
			buildSettings = {
				ALWAYS_SEARCH_USER_PATHS = NO;
				ARCHS = "$(ARCHS_STANDARD_32_64_BIT)";
				COPY_PHASE_STRIP = NO;
				FRAMEWORK_SEARCH_PATHS = /Library/Frameworks;
				GCC_C_LANGUAGE_STANDARD = gnu99;
				GCC_DYNAMIC_NO_PIC = NO;
				GCC_ENABLE_OBJC_EXCEPTIONS = YES;
				GCC_PRECOMPILE_PREFIX_HEADER = YES;
				GCC_PREPROCESSOR_DEFINITIONS = (
					"DEBUG=1",
					"$(inherited)",
				);
				GCC_SYMBOLS_PRIVATE_EXTERN = NO;
				GCC_VERSION = com.apple.compilers.llvm.clang.1_0;
				GCC_WARN_64_TO_32_BIT_CONVERSION = YES;
				GCC_WARN_ABOUT_RETURN_TYPE = YES;
				GCC_WARN_UNINITIALIZED_AUTOS = YES;
				GCC_WARN_UNUSED_VARIABLE = YES;
				HEADER_SEARCH_PATHS = "$(PROJECT_DIR)/../Headers";
				INFOPLIST_FILE = "hello_animation-Info.plist";
				MACOSX_DEPLOYMENT_TARGET = 10.7;
				ONLY_ACTIVE_ARCH = YES;
				PRODUCT_NAME = hello_animation;
				SDKROOT = macosx;
				USER_HEADER_SEARCH_PATHS = "$(PROJECT_DIR)/../Headers";
				WRAPPER_EXTENSION = app;
			};
			name = UsingGNUstepImpl;
		};
		7F6586E3159517AF006467A7 /* Release */ = {
			isa = XCBuildConfiguration;
			buildSettings = {
				ALWAYS_SEARCH_USER_PATHS = NO;
				ARCHS = "$(ARCHS_STANDARD_32_64_BIT)";
				COPY_PHASE_STRIP = YES;
				DEBUG_INFORMATION_FORMAT = "dwarf-with-dsym";
				GCC_C_LANGUAGE_STANDARD = gnu99;
				GCC_ENABLE_OBJC_EXCEPTIONS = YES;
				GCC_PRECOMPILE_PREFIX_HEADER = YES;
				GCC_VERSION = com.apple.compilers.llvm.clang.1_0;
				GCC_WARN_64_TO_32_BIT_CONVERSION = YES;
				GCC_WARN_ABOUT_RETURN_TYPE = YES;
				GCC_WARN_UNINITIALIZED_AUTOS = YES;
				GCC_WARN_UNUSED_VARIABLE = YES;
				INFOPLIST_FILE = "hello_animation-Info.plist";
				MACOSX_DEPLOYMENT_TARGET = 10.7;
				PRODUCT_NAME = hello_animation;
				SDKROOT = macosx;
				WRAPPER_EXTENSION = app;
			};
			name = Release;
		};
		7F77513C1594ACA500F56E92 /* UsingGNUstepImpl */ = {
			isa = XCBuildConfiguration;
			buildSettings = {
				GCC_OPTIMIZATION_LEVEL = 0;
				GCC_PREPROCESSOR_DEFINITIONS = "GSIMPL_UNDER_COCOA=1";
				OTHER_LDFLAGS = (
					"-framework",
					GSQuartzCore,
				);
			};
			name = UsingGNUstepImpl;
		};
		7F77513D1594ACA500F56E92 /* UsingGNUstepImpl */ = {
			isa = XCBuildConfiguration;
			buildSettings = {
				ALWAYS_SEARCH_USER_PATHS = NO;
				ARCHS = "$(ARCHS_STANDARD_32_64_BIT)";
				COPY_PHASE_STRIP = NO;
				GCC_C_LANGUAGE_STANDARD = gnu99;
				GCC_DYNAMIC_NO_PIC = NO;
				GCC_ENABLE_OBJC_EXCEPTIONS = YES;
				GCC_PRECOMPILE_PREFIX_HEADER = YES;
				GCC_PREPROCESSOR_DEFINITIONS = (
					"DEBUG=1",
					"$(inherited)",
				);
				GCC_SYMBOLS_PRIVATE_EXTERN = NO;
				GCC_VERSION = com.apple.compilers.llvm.clang.1_0;
				GCC_WARN_64_TO_32_BIT_CONVERSION = YES;
				GCC_WARN_ABOUT_RETURN_TYPE = YES;
				GCC_WARN_UNINITIALIZED_AUTOS = YES;
				GCC_WARN_UNUSED_VARIABLE = YES;
				INFOPLIST_FILE = "hello-Info.plist";
				MACOSX_DEPLOYMENT_TARGET = 10.7;
				ONLY_ACTIVE_ARCH = YES;
				PRODUCT_NAME = hello;
				SDKROOT = macosx;
				WRAPPER_EXTENSION = app;
			};
			name = UsingGNUstepImpl;
		};
		7F77513E1594ACA500F56E92 /* UsingGNUstepImpl */ = {
			isa = XCBuildConfiguration;
			buildSettings = {
				ALWAYS_SEARCH_USER_PATHS = NO;
				ARCHS = "$(ARCHS_STANDARD_32_64_BIT)";
				COPY_PHASE_STRIP = NO;
				FRAMEWORK_SEARCH_PATHS = /Library/Frameworks;
				GCC_C_LANGUAGE_STANDARD = gnu99;
				GCC_DYNAMIC_NO_PIC = NO;
				GCC_ENABLE_OBJC_EXCEPTIONS = YES;
				GCC_PRECOMPILE_PREFIX_HEADER = YES;
				GCC_PREPROCESSOR_DEFINITIONS = (
					"DEBUG=1",
					"$(inherited)",
				);
				GCC_SYMBOLS_PRIVATE_EXTERN = NO;
				GCC_VERSION = com.apple.compilers.llvm.clang.1_0;
				GCC_WARN_64_TO_32_BIT_CONVERSION = YES;
				GCC_WARN_ABOUT_RETURN_TYPE = YES;
				GCC_WARN_UNINITIALIZED_AUTOS = YES;
				GCC_WARN_UNUSED_VARIABLE = YES;
				HEADER_SEARCH_PATHS = "$(PROJECT_DIR)/../Headers";
				INFOPLIST_FILE = "data/hello_carenderer-Info.plist";
				MACOSX_DEPLOYMENT_TARGET = 10.7;
				ONLY_ACTIVE_ARCH = YES;
				PRODUCT_NAME = "$(TARGET_NAME)";
				SDKROOT = macosx;
				USER_HEADER_SEARCH_PATHS = "$(PROJECT_DIR)/../Headers";
				WRAPPER_EXTENSION = app;
			};
			name = UsingGNUstepImpl;
		};
		7FA8CCD215891CAF009C3B19 /* Debug */ = {
			isa = XCBuildConfiguration;
			buildSettings = {
				GCC_OPTIMIZATION_LEVEL = 0;
			};
			name = Debug;
		};
		7FA8CCD315891CAF009C3B19 /* Release */ = {
			isa = XCBuildConfiguration;
			buildSettings = {
			};
			name = Release;
		};
		7FA8CCF715891CE8009C3B19 /* Debug */ = {
			isa = XCBuildConfiguration;
			buildSettings = {
				ALWAYS_SEARCH_USER_PATHS = NO;
				ARCHS = "$(ARCHS_STANDARD_32_64_BIT)";
				COPY_PHASE_STRIP = NO;
				GCC_C_LANGUAGE_STANDARD = gnu99;
				GCC_DYNAMIC_NO_PIC = NO;
				GCC_ENABLE_OBJC_EXCEPTIONS = YES;
				GCC_PRECOMPILE_PREFIX_HEADER = YES;
				GCC_PREPROCESSOR_DEFINITIONS = (
					"DEBUG=1",
					"$(inherited)",
				);
				GCC_SYMBOLS_PRIVATE_EXTERN = NO;
				GCC_VERSION = com.apple.compilers.llvm.clang.1_0;
				GCC_WARN_64_TO_32_BIT_CONVERSION = YES;
				GCC_WARN_ABOUT_RETURN_TYPE = YES;
				GCC_WARN_UNINITIALIZED_AUTOS = YES;
				GCC_WARN_UNUSED_VARIABLE = YES;
				INFOPLIST_FILE = "data/hello_carenderer-Info.plist";
				MACOSX_DEPLOYMENT_TARGET = 10.7;
				ONLY_ACTIVE_ARCH = YES;
				PRODUCT_NAME = "$(TARGET_NAME)";
				SDKROOT = macosx;
				WRAPPER_EXTENSION = app;
			};
			name = Debug;
		};
		7FA8CCF815891CE8009C3B19 /* Release */ = {
			isa = XCBuildConfiguration;
			buildSettings = {
				ALWAYS_SEARCH_USER_PATHS = NO;
				ARCHS = "$(ARCHS_STANDARD_32_64_BIT)";
				COPY_PHASE_STRIP = YES;
				DEBUG_INFORMATION_FORMAT = "dwarf-with-dsym";
				GCC_C_LANGUAGE_STANDARD = gnu99;
				GCC_ENABLE_OBJC_EXCEPTIONS = YES;
				GCC_PRECOMPILE_PREFIX_HEADER = YES;
				GCC_VERSION = com.apple.compilers.llvm.clang.1_0;
				GCC_WARN_64_TO_32_BIT_CONVERSION = YES;
				GCC_WARN_ABOUT_RETURN_TYPE = YES;
				GCC_WARN_UNINITIALIZED_AUTOS = YES;
				GCC_WARN_UNUSED_VARIABLE = YES;
				INFOPLIST_FILE = "data/hello_carenderer-Info.plist";
				MACOSX_DEPLOYMENT_TARGET = 10.7;
				PRODUCT_NAME = "$(TARGET_NAME)";
				SDKROOT = macosx;
				WRAPPER_EXTENSION = app;
			};
			name = Release;
		};
		7FA8CD1615892303009C3B19 /* Debug */ = {
			isa = XCBuildConfiguration;
			buildSettings = {
				ALWAYS_SEARCH_USER_PATHS = NO;
				ARCHS = "$(ARCHS_STANDARD_32_64_BIT)";
				COPY_PHASE_STRIP = NO;
				GCC_C_LANGUAGE_STANDARD = gnu99;
				GCC_DYNAMIC_NO_PIC = NO;
				GCC_ENABLE_OBJC_EXCEPTIONS = YES;
				GCC_PRECOMPILE_PREFIX_HEADER = YES;
				GCC_PREPROCESSOR_DEFINITIONS = (
					"DEBUG=1",
					"$(inherited)",
				);
				GCC_SYMBOLS_PRIVATE_EXTERN = NO;
				GCC_VERSION = com.apple.compilers.llvm.clang.1_0;
				GCC_WARN_64_TO_32_BIT_CONVERSION = YES;
				GCC_WARN_ABOUT_RETURN_TYPE = YES;
				GCC_WARN_UNINITIALIZED_AUTOS = YES;
				GCC_WARN_UNUSED_VARIABLE = YES;
				INFOPLIST_FILE = "hello-Info.plist";
				MACOSX_DEPLOYMENT_TARGET = 10.7;
				ONLY_ACTIVE_ARCH = YES;
				PRODUCT_NAME = hello;
				SDKROOT = macosx;
				WRAPPER_EXTENSION = app;
			};
			name = Debug;
		};
		7FA8CD1715892303009C3B19 /* Release */ = {
			isa = XCBuildConfiguration;
			buildSettings = {
				ALWAYS_SEARCH_USER_PATHS = NO;
				ARCHS = "$(ARCHS_STANDARD_32_64_BIT)";
				COPY_PHASE_STRIP = YES;
				DEBUG_INFORMATION_FORMAT = "dwarf-with-dsym";
				GCC_C_LANGUAGE_STANDARD = gnu99;
				GCC_ENABLE_OBJC_EXCEPTIONS = YES;
				GCC_PRECOMPILE_PREFIX_HEADER = YES;
				GCC_VERSION = com.apple.compilers.llvm.clang.1_0;
				GCC_WARN_64_TO_32_BIT_CONVERSION = YES;
				GCC_WARN_ABOUT_RETURN_TYPE = YES;
				GCC_WARN_UNINITIALIZED_AUTOS = YES;
				GCC_WARN_UNUSED_VARIABLE = YES;
				INFOPLIST_FILE = "hello-Info.plist";
				MACOSX_DEPLOYMENT_TARGET = 10.7;
				PRODUCT_NAME = hello;
				SDKROOT = macosx;
				WRAPPER_EXTENSION = app;
			};
			name = Release;
		};
/* End XCBuildConfiguration section */

/* Begin XCConfigurationList section */
		7F622BE615C5AFED00115026 /* Build configuration list for PBXNativeTarget "offscreen_render" */ = {
			isa = XCConfigurationList;
			buildConfigurations = (
				7F622BE715C5AFED00115026 /* Debug */,
				7F622BE815C5AFED00115026 /* UsingGNUstepImpl */,
				7F622BE915C5AFED00115026 /* Release */,
			);
			defaultConfigurationIsVisible = 0;
			defaultConfigurationName = Release;
		};
		7F6586E0159517AF006467A7 /* Build configuration list for PBXNativeTarget "hello_animation" */ = {
			isa = XCConfigurationList;
			buildConfigurations = (
				7F6586E1159517AF006467A7 /* Debug */,
				7F6586E2159517AF006467A7 /* UsingGNUstepImpl */,
				7F6586E3159517AF006467A7 /* Release */,
			);
			defaultConfigurationIsVisible = 0;
			defaultConfigurationName = Release;
		};
		7FA8CCD015891CAE009C3B19 /* Build configuration list for PBXProject "GNUstepQuartzCoreTests" */ = {
			isa = XCConfigurationList;
			buildConfigurations = (
				7FA8CCD215891CAF009C3B19 /* Debug */,
				7F77513C1594ACA500F56E92 /* UsingGNUstepImpl */,
				7FA8CCD315891CAF009C3B19 /* Release */,
			);
			defaultConfigurationIsVisible = 0;
			defaultConfigurationName = Release;
		};
		7FA8CCF915891CE8009C3B19 /* Build configuration list for PBXNativeTarget "hello_carenderer" */ = {
			isa = XCConfigurationList;
			buildConfigurations = (
				7FA8CCF715891CE8009C3B19 /* Debug */,
				7F77513E1594ACA500F56E92 /* UsingGNUstepImpl */,
				7FA8CCF815891CE8009C3B19 /* Release */,
			);
			defaultConfigurationIsVisible = 0;
			defaultConfigurationName = Release;
		};
		7FA8CD1515892303009C3B19 /* Build configuration list for PBXNativeTarget "hello" */ = {
			isa = XCConfigurationList;
			buildConfigurations = (
				7FA8CD1615892303009C3B19 /* Debug */,
				7F77513D1594ACA500F56E92 /* UsingGNUstepImpl */,
				7FA8CD1715892303009C3B19 /* Release */,
			);
			defaultConfigurationIsVisible = 0;
			defaultConfigurationName = Release;
		};
/* End XCConfigurationList section */
	};
	rootObject = 7FA8CCCD15891CAE009C3B19 /* Project object */;
}
